
Microsoft Visual Studio Solution File, Format Version 12.00
# Visual Studio 15
VisualStudioVersion = 15.0.28010.2041
MinimumVisualStudioVersion = 10.0.40219.1
Project("{FAE04EC0-301F-11D3-BF4B-00C04F79EFBC}") = "Carsales.Web", "Carsales.Web\Carsales.Web.csproj", "{6F282C8C-B331-4BBA-9405-9CDD74F9BFA4}"
EndProject
Global
	GlobalSection(SolutionConfigurationPlatforms) = preSolution
		Debug|Any CPU = Debug|Any CPU
		Release|Any CPU = Release|Any CPU
	EndGlobalSection
	GlobalSection(ProjectConfigurationPlatforms) = postSolution
		{6F282C8C-B331-4BBA-9405-9CDD74F9BFA4}.Debug|Any CPU.ActiveCfg = Debug|Any CPU
		{6F282C8C-B331-4BBA-9405-9CDD74F9BFA4}.Debug|Any CPU.Build.0 = Debug|Any CPU
		{6F282C8C-B331-4BBA-9405-9CDD74F9BFA4}.Release|Any CPU.ActiveCfg = Release|Any CPU
		{6F282C8C-B331-4BBA-9405-9CDD74F9BFA4}.Release|Any CPU.Build.0 = Release|Any CPU
	EndGlobalSection
	GlobalSection(SolutionProperties) = preSolution
		HideSolutionNode = FALSE
	EndGlobalSection
	GlobalSection(ExtensibilityGlobals) = postSolution
		SolutionGuid = {37BCF9C0-4B3F-4232-8AF3-DD53B891D1DD}
	EndGlobalSection
EndGlobal
